
Microsoft Visual Studio Solution File, Format Version 12.00
# Visual Studio Version 17
VisualStudioVersion = 17.5.002.0
MinimumVisualStudioVersion = 10.0.40219.1
Project("{2150E333-8FDC-42A3-9474-1A3956D46DE8}") = "1", "1", "{5858C5D3-E24A-4440-A5CB-993AACFCC3D4}"
EndProject
Project("{FAE04EC0-301F-11D3-BF4B-00C04F79EFBC}") = "1.2", "1\1.2\1.2.csproj", "{B010DEFD-29AA-4D5C-BB0A-2AF255AC413C}"
EndProject
Project("{2150E333-8FDC-42A3-9474-1A3956D46DE8}") = "2", "2", "{BFFB38FA-F768-499C-90FC-5D1707CFA0FC}"
EndProject
Project("{FAE04EC0-301F-11D3-BF4B-00C04F79EFBC}") = "2.1", "2\2.1\2.1.csproj", "{1EE1692A-9BB5-447D-B223-DB0C101AA5CC}"
EndProject
Project("{FAE04EC0-301F-11D3-BF4B-00C04F79EFBC}") = "2.2", "2\2.2\2.2.csproj", "{46037923-6374-4837-8FB6-2C41928E7C3F}"
EndProject
Project("{FAE04EC0-301F-11D3-BF4B-00C04F79EFBC}") = "1.1", "1\1.1\1.1.csproj", "{ECBA8AE1-CAC4-43DB-A8A8-22E8BEA9EE2F}"
EndProject
Project("{2150E333-8FDC-42A3-9474-1A3956D46DE8}") = "3", "3", "{7F3D59AF-A3FB-45A4-91A3-73E5DC238127}"
EndProject
Project("{FAE04EC0-301F-11D3-BF4B-00C04F79EFBC}") = "3.1", "3\3.1\3.1.csproj", "{084BEC77-6DCB-495B-AF41-5C864ED724F9}"
EndProject
Project("{FAE04EC0-301F-11D3-BF4B-00C04F79EFBC}") = "3.2", "3\3.2\3.2.csproj", "{BCB5572A-7879-4666-BBF8-1326503DBCCD}"
EndProject
Project("{2150E333-8FDC-42A3-9474-1A3956D46DE8}") = "4", "4", "{D1A7D3CD-7971-497A-8973-2612CD7AC3EF}"
EndProject
Project("{FAE04EC0-301F-11D3-BF4B-00C04F79EFBC}") = "4.1", "4\4.1\4.1.csproj", "{DDB2AB42-2495-4E06-BFBC-26A06F5DBDA7}"
EndProject
Project("{FAE04EC0-301F-11D3-BF4B-00C04F79EFBC}") = "4.2", "4\4.2\4.2.csproj", "{417E9D40-53C9-44FE-A69D-D1F8EAB6CFF7}"
EndProject
Project("{2150E333-8FDC-42A3-9474-1A3956D46DE8}") = "5", "5", "{7977F714-90F0-470C-A4C1-C93C3BC02E77}"
EndProject
Project("{FAE04EC0-301F-11D3-BF4B-00C04F79EFBC}") = "5.1", "5\5.1\5.1.csproj", "{3D37A819-D8A1-4D4B-96BC-B659D46DC0B9}"
EndProject
Project("{FAE04EC0-301F-11D3-BF4B-00C04F79EFBC}") = "5.2", "5\5.2\5.2.csproj", "{D1019F6F-BFD9-4CF7-87E8-25A7E0A9FA7D}"
EndProject
Project("{2150E333-8FDC-42A3-9474-1A3956D46DE8}") = "6", "6", "{74290F7C-9A7B-49D5-AF14-4ED76ABB0B3B}"
EndProject
Project("{FAE04EC0-301F-11D3-BF4B-00C04F79EFBC}") = "6.1", "6\6.1\6.1.csproj", "{8C1DFCA8-14DA-4DC5-94EA-D95312EF62E0}"
EndProject
Project("{FAE04EC0-301F-11D3-BF4B-00C04F79EFBC}") = "6.2", "6\6.2\6.2.csproj", "{781D6092-13BA-4013-AD71-8AE803AA2290}"
EndProject
Project("{2150E333-8FDC-42A3-9474-1A3956D46DE8}") = "7", "7", "{33B0EF6F-D95B-4386-82C2-9A083E32DABE}"
EndProject
Project("{FAE04EC0-301F-11D3-BF4B-00C04F79EFBC}") = "7.1", "7\7.1\7.1.csproj", "{F9E2528A-0742-4541-A704-A4AB16507099}"
EndProject
Project("{FAE04EC0-301F-11D3-BF4B-00C04F79EFBC}") = "7.2", "7\7.2\7.2.csproj", "{F34BF859-68C4-40E6-B3A8-68D78588C201}"
EndProject
Project("{2150E333-8FDC-42A3-9474-1A3956D46DE8}") = "8", "8", "{5BD6E04B-2114-45A4-9A67-3E1B1166581D}"
EndProject
Project("{FAE04EC0-301F-11D3-BF4B-00C04F79EFBC}") = "8.1", "8\8.1\8.1.csproj", "{2429D499-B44C-4E2D-8C09-D6FDDCDE28E5}"
EndProject
Project("{FAE04EC0-301F-11D3-BF4B-00C04F79EFBC}") = "8.2", "8\8.2\8.2.csproj", "{879BB28B-9D08-4A90-BF26-FB4690FEE770}"
EndProject
Project("{2150E333-8FDC-42A3-9474-1A3956D46DE8}") = "9", "9", "{DC373254-83CF-46AB-B8B7-55A4295BE8D0}"
EndProject
Project("{FAE04EC0-301F-11D3-BF4B-00C04F79EFBC}") = "9.1", "9\9.1\9.1.csproj", "{886D7A34-C033-40B6-B3B8-C79419A4424C}"
EndProject
Project("{FAE04EC0-301F-11D3-BF4B-00C04F79EFBC}") = "9.2", "9\9.2\9.2.csproj", "{61108E8E-A7A1-4559-B161-BA8E835FE90F}"
EndProject
Project("{FAE04EC0-301F-11D3-BF4B-00C04F79EFBC}") = "10", "10\10.csproj", "{D923916E-5ED5-474F-99D5-80D8D5175D5A}"
EndProject
Project("{FAE04EC0-301F-11D3-BF4B-00C04F79EFBC}") = "11", "11\11.csproj", "{1C375FC2-A747-42C0-AA20-9CA371217CFD}"
EndProject
Project("{FAE04EC0-301F-11D3-BF4B-00C04F79EFBC}") = "12", "12\12.csproj", "{FF54C535-D7FE-4685-93B8-1CC8C13E334F}"
EndProject
Project("{FAE04EC0-301F-11D3-BF4B-00C04F79EFBC}") = "13", "13\13.csproj", "{D0C59B6C-AE12-4EEC-803C-30C9F82498BB}"
EndProject
Project("{FAE04EC0-301F-11D3-BF4B-00C04F79EFBC}") = "14", "14\14.csproj", "{E3226997-BEF9-4DA1-B775-BCBD9F359E2A}"
EndProject
Project("{FAE04EC0-301F-11D3-BF4B-00C04F79EFBC}") = "15", "15\15.csproj", "{00020B0A-EFE4-4856-80C1-FE74A866B1A8}"
EndProject
Project("{FAE04EC0-301F-11D3-BF4B-00C04F79EFBC}") = "16", "16\16.csproj", "{44347663-6246-401D-A440-E21079ACB634}"
EndProject
Project("{FAE04EC0-301F-11D3-BF4B-00C04F79EFBC}") = "17", "17\17.csproj", "{992984FB-CCBB-41DD-9FFE-812B1D51F9E5}"
EndProject
Project("{FAE04EC0-301F-11D3-BF4B-00C04F79EFBC}") = "18", "18\18.csproj", "{E91C1D1A-5C2B-4ACE-B537-88987CF24778}"
EndProject
Project("{FAE04EC0-301F-11D3-BF4B-00C04F79EFBC}") = "19", "19\19.csproj", "{2897AF41-272D-4B6C-90BF-CA2AC4CFC122}"
EndProject
Project("{FAE04EC0-301F-11D3-BF4B-00C04F79EFBC}") = "20", "20\20.csproj", "{D736F1A4-73C4-4134-A3B9-0B692762FE55}"
EndProject
Project("{FAE04EC0-301F-11D3-BF4B-00C04F79EFBC}") = "21", "21\21.csproj", "{B8FACC19-F856-4E95-AA90-1C42E76A1F0D}"
EndProject
Project("{FAE04EC0-301F-11D3-BF4B-00C04F79EFBC}") = "22", "22\22.csproj", "{6652B05E-91B6-4AF0-A744-AE98E3A8FD5E}"
EndProject
Project("{FAE04EC0-301F-11D3-BF4B-00C04F79EFBC}") = "23", "23\23.csproj", "{25E9455D-CC4F-4FD6-8632-7118B003EA4D}"
EndProject
Project("{FAE04EC0-301F-11D3-BF4B-00C04F79EFBC}") = "24", "24\24.csproj", "{CC36BB7E-6804-4122-9509-E048EE1DE753}"
EndProject
Project("{FAE04EC0-301F-11D3-BF4B-00C04F79EFBC}") = "25", "25\25.csproj", "{B896B8CF-EBCC-4749-AC93-66994F89662C}"
EndProject
Global
	GlobalSection(SolutionConfigurationPlatforms) = preSolution
		Debug|Any CPU = Debug|Any CPU
		Release|Any CPU = Release|Any CPU
	EndGlobalSection
	GlobalSection(ProjectConfigurationPlatforms) = postSolution
		{B010DEFD-29AA-4D5C-BB0A-2AF255AC413C}.Debug|Any CPU.ActiveCfg = Debug|Any CPU
		{B010DEFD-29AA-4D5C-BB0A-2AF255AC413C}.Debug|Any CPU.Build.0 = Debug|Any CPU
		{B010DEFD-29AA-4D5C-BB0A-2AF255AC413C}.Release|Any CPU.ActiveCfg = Release|Any CPU
		{B010DEFD-29AA-4D5C-BB0A-2AF255AC413C}.Release|Any CPU.Build.0 = Release|Any CPU
		{1EE1692A-9BB5-447D-B223-DB0C101AA5CC}.Debug|Any CPU.ActiveCfg = Debug|Any CPU
		{1EE1692A-9BB5-447D-B223-DB0C101AA5CC}.Debug|Any CPU.Build.0 = Debug|Any CPU
		{1EE1692A-9BB5-447D-B223-DB0C101AA5CC}.Release|Any CPU.ActiveCfg = Release|Any CPU
		{1EE1692A-9BB5-447D-B223-DB0C101AA5CC}.Release|Any CPU.Build.0 = Release|Any CPU
		{46037923-6374-4837-8FB6-2C41928E7C3F}.Debug|Any CPU.ActiveCfg = Debug|Any CPU
		{46037923-6374-4837-8FB6-2C41928E7C3F}.Debug|Any CPU.Build.0 = Debug|Any CPU
		{46037923-6374-4837-8FB6-2C41928E7C3F}.Release|Any CPU.ActiveCfg = Release|Any CPU
		{46037923-6374-4837-8FB6-2C41928E7C3F}.Release|Any CPU.Build.0 = Release|Any CPU
		{ECBA8AE1-CAC4-43DB-A8A8-22E8BEA9EE2F}.Debug|Any CPU.ActiveCfg = Debug|Any CPU
		{ECBA8AE1-CAC4-43DB-A8A8-22E8BEA9EE2F}.Debug|Any CPU.Build.0 = Debug|Any CPU
		{ECBA8AE1-CAC4-43DB-A8A8-22E8BEA9EE2F}.Release|Any CPU.ActiveCfg = Release|Any CPU
		{ECBA8AE1-CAC4-43DB-A8A8-22E8BEA9EE2F}.Release|Any CPU.Build.0 = Release|Any CPU
		{084BEC77-6DCB-495B-AF41-5C864ED724F9}.Debug|Any CPU.ActiveCfg = Debug|Any CPU
		{084BEC77-6DCB-495B-AF41-5C864ED724F9}.Debug|Any CPU.Build.0 = Debug|Any CPU
		{084BEC77-6DCB-495B-AF41-5C864ED724F9}.Release|Any CPU.ActiveCfg = Release|Any CPU
		{084BEC77-6DCB-495B-AF41-5C864ED724F9}.Release|Any CPU.Build.0 = Release|Any CPU
		{BCB5572A-7879-4666-BBF8-1326503DBCCD}.Debug|Any CPU.ActiveCfg = Debug|Any CPU
		{BCB5572A-7879-4666-BBF8-1326503DBCCD}.Debug|Any CPU.Build.0 = Debug|Any CPU
		{BCB5572A-7879-4666-BBF8-1326503DBCCD}.Release|Any CPU.ActiveCfg = Release|Any CPU
		{BCB5572A-7879-4666-BBF8-1326503DBCCD}.Release|Any CPU.Build.0 = Release|Any CPU
		{DDB2AB42-2495-4E06-BFBC-26A06F5DBDA7}.Debug|Any CPU.ActiveCfg = Debug|Any CPU
		{DDB2AB42-2495-4E06-BFBC-26A06F5DBDA7}.Debug|Any CPU.Build.0 = Debug|Any CPU
		{DDB2AB42-2495-4E06-BFBC-26A06F5DBDA7}.Release|Any CPU.ActiveCfg = Release|Any CPU
		{DDB2AB42-2495-4E06-BFBC-26A06F5DBDA7}.Release|Any CPU.Build.0 = Release|Any CPU
		{417E9D40-53C9-44FE-A69D-D1F8EAB6CFF7}.Debug|Any CPU.ActiveCfg = Debug|Any CPU
		{417E9D40-53C9-44FE-A69D-D1F8EAB6CFF7}.Debug|Any CPU.Build.0 = Debug|Any CPU
		{417E9D40-53C9-44FE-A69D-D1F8EAB6CFF7}.Release|Any CPU.ActiveCfg = Release|Any CPU
		{417E9D40-53C9-44FE-A69D-D1F8EAB6CFF7}.Release|Any CPU.Build.0 = Release|Any CPU
		{3D37A819-D8A1-4D4B-96BC-B659D46DC0B9}.Debug|Any CPU.ActiveCfg = Debug|Any CPU
		{3D37A819-D8A1-4D4B-96BC-B659D46DC0B9}.Debug|Any CPU.Build.0 = Debug|Any CPU
		{3D37A819-D8A1-4D4B-96BC-B659D46DC0B9}.Release|Any CPU.ActiveCfg = Release|Any CPU
		{3D37A819-D8A1-4D4B-96BC-B659D46DC0B9}.Release|Any CPU.Build.0 = Release|Any CPU
		{D1019F6F-BFD9-4CF7-87E8-25A7E0A9FA7D}.Debug|Any CPU.ActiveCfg = Debug|Any CPU
		{D1019F6F-BFD9-4CF7-87E8-25A7E0A9FA7D}.Debug|Any CPU.Build.0 = Debug|Any CPU
		{D1019F6F-BFD9-4CF7-87E8-25A7E0A9FA7D}.Release|Any CPU.ActiveCfg = Release|Any CPU
		{D1019F6F-BFD9-4CF7-87E8-25A7E0A9FA7D}.Release|Any CPU.Build.0 = Release|Any CPU
		{8C1DFCA8-14DA-4DC5-94EA-D95312EF62E0}.Debug|Any CPU.ActiveCfg = Debug|Any CPU
		{8C1DFCA8-14DA-4DC5-94EA-D95312EF62E0}.Debug|Any CPU.Build.0 = Debug|Any CPU
		{8C1DFCA8-14DA-4DC5-94EA-D95312EF62E0}.Release|Any CPU.ActiveCfg = Release|Any CPU
		{8C1DFCA8-14DA-4DC5-94EA-D95312EF62E0}.Release|Any CPU.Build.0 = Release|Any CPU
		{781D6092-13BA-4013-AD71-8AE803AA2290}.Debug|Any CPU.ActiveCfg = Debug|Any CPU
		{781D6092-13BA-4013-AD71-8AE803AA2290}.Debug|Any CPU.Build.0 = Debug|Any CPU
		{781D6092-13BA-4013-AD71-8AE803AA2290}.Release|Any CPU.ActiveCfg = Release|Any CPU
		{781D6092-13BA-4013-AD71-8AE803AA2290}.Release|Any CPU.Build.0 = Release|Any CPU
		{F9E2528A-0742-4541-A704-A4AB16507099}.Debug|Any CPU.ActiveCfg = Debug|Any CPU
		{F9E2528A-0742-4541-A704-A4AB16507099}.Debug|Any CPU.Build.0 = Debug|Any CPU
		{F9E2528A-0742-4541-A704-A4AB16507099}.Release|Any CPU.ActiveCfg = Release|Any CPU
		{F9E2528A-0742-4541-A704-A4AB16507099}.Release|Any CPU.Build.0 = Release|Any CPU
		{F34BF859-68C4-40E6-B3A8-68D78588C201}.Debug|Any CPU.ActiveCfg = Debug|Any CPU
		{F34BF859-68C4-40E6-B3A8-68D78588C201}.Debug|Any CPU.Build.0 = Debug|Any CPU
		{F34BF859-68C4-40E6-B3A8-68D78588C201}.Release|Any CPU.ActiveCfg = Release|Any CPU
		{F34BF859-68C4-40E6-B3A8-68D78588C201}.Release|Any CPU.Build.0 = Release|Any CPU
		{2429D499-B44C-4E2D-8C09-D6FDDCDE28E5}.Debug|Any CPU.ActiveCfg = Debug|Any CPU
		{2429D499-B44C-4E2D-8C09-D6FDDCDE28E5}.Debug|Any CPU.Build.0 = Debug|Any CPU
		{2429D499-B44C-4E2D-8C09-D6FDDCDE28E5}.Release|Any CPU.ActiveCfg = Release|Any CPU
		{2429D499-B44C-4E2D-8C09-D6FDDCDE28E5}.Release|Any CPU.Build.0 = Release|Any CPU
		{879BB28B-9D08-4A90-BF26-FB4690FEE770}.Debug|Any CPU.ActiveCfg = Debug|Any CPU
		{879BB28B-9D08-4A90-BF26-FB4690FEE770}.Debug|Any CPU.Build.0 = Debug|Any CPU
		{879BB28B-9D08-4A90-BF26-FB4690FEE770}.Release|Any CPU.ActiveCfg = Release|Any CPU
		{879BB28B-9D08-4A90-BF26-FB4690FEE770}.Release|Any CPU.Build.0 = Release|Any CPU
		{886D7A34-C033-40B6-B3B8-C79419A4424C}.Debug|Any CPU.ActiveCfg = Debug|Any CPU
		{886D7A34-C033-40B6-B3B8-C79419A4424C}.Debug|Any CPU.Build.0 = Debug|Any CPU
		{886D7A34-C033-40B6-B3B8-C79419A4424C}.Release|Any CPU.ActiveCfg = Release|Any CPU
		{886D7A34-C033-40B6-B3B8-C79419A4424C}.Release|Any CPU.Build.0 = Release|Any CPU
		{61108E8E-A7A1-4559-B161-BA8E835FE90F}.Debug|Any CPU.ActiveCfg = Debug|Any CPU
		{61108E8E-A7A1-4559-B161-BA8E835FE90F}.Debug|Any CPU.Build.0 = Debug|Any CPU
		{61108E8E-A7A1-4559-B161-BA8E835FE90F}.Release|Any CPU.ActiveCfg = Release|Any CPU
		{61108E8E-A7A1-4559-B161-BA8E835FE90F}.Release|Any CPU.Build.0 = Release|Any CPU
		{D923916E-5ED5-474F-99D5-80D8D5175D5A}.Debug|Any CPU.ActiveCfg = Debug|Any CPU
		{D923916E-5ED5-474F-99D5-80D8D5175D5A}.Debug|Any CPU.Build.0 = Debug|Any CPU
		{D923916E-5ED5-474F-99D5-80D8D5175D5A}.Release|Any CPU.ActiveCfg = Release|Any CPU
		{D923916E-5ED5-474F-99D5-80D8D5175D5A}.Release|Any CPU.Build.0 = Release|Any CPU
		{1C375FC2-A747-42C0-AA20-9CA371217CFD}.Debug|Any CPU.ActiveCfg = Debug|Any CPU
		{1C375FC2-A747-42C0-AA20-9CA371217CFD}.Debug|Any CPU.Build.0 = Debug|Any CPU
		{1C375FC2-A747-42C0-AA20-9CA371217CFD}.Release|Any CPU.ActiveCfg = Release|Any CPU
		{1C375FC2-A747-42C0-AA20-9CA371217CFD}.Release|Any CPU.Build.0 = Release|Any CPU
		{FF54C535-D7FE-4685-93B8-1CC8C13E334F}.Debug|Any CPU.ActiveCfg = Debug|Any CPU
		{FF54C535-D7FE-4685-93B8-1CC8C13E334F}.Debug|Any CPU.Build.0 = Debug|Any CPU
		{FF54C535-D7FE-4685-93B8-1CC8C13E334F}.Release|Any CPU.ActiveCfg = Release|Any CPU
		{FF54C535-D7FE-4685-93B8-1CC8C13E334F}.Release|Any CPU.Build.0 = Release|Any CPU
		{D0C59B6C-AE12-4EEC-803C-30C9F82498BB}.Debug|Any CPU.ActiveCfg = Debug|Any CPU
		{D0C59B6C-AE12-4EEC-803C-30C9F82498BB}.Debug|Any CPU.Build.0 = Debug|Any CPU
		{D0C59B6C-AE12-4EEC-803C-30C9F82498BB}.Release|Any CPU.ActiveCfg = Release|Any CPU
		{D0C59B6C-AE12-4EEC-803C-30C9F82498BB}.Release|Any CPU.Build.0 = Release|Any CPU
		{E3226997-BEF9-4DA1-B775-BCBD9F359E2A}.Debug|Any CPU.ActiveCfg = Debug|Any CPU
		{E3226997-BEF9-4DA1-B775-BCBD9F359E2A}.Debug|Any CPU.Build.0 = Debug|Any CPU
		{E3226997-BEF9-4DA1-B775-BCBD9F359E2A}.Release|Any CPU.ActiveCfg = Release|Any CPU
		{E3226997-BEF9-4DA1-B775-BCBD9F359E2A}.Release|Any CPU.Build.0 = Release|Any CPU
		{00020B0A-EFE4-4856-80C1-FE74A866B1A8}.Debug|Any CPU.ActiveCfg = Debug|Any CPU
		{00020B0A-EFE4-4856-80C1-FE74A866B1A8}.Debug|Any CPU.Build.0 = Debug|Any CPU
		{00020B0A-EFE4-4856-80C1-FE74A866B1A8}.Release|Any CPU.ActiveCfg = Release|Any CPU
		{00020B0A-EFE4-4856-80C1-FE74A866B1A8}.Release|Any CPU.Build.0 = Release|Any CPU
		{44347663-6246-401D-A440-E21079ACB634}.Debug|Any CPU.ActiveCfg = Debug|Any CPU
		{44347663-6246-401D-A440-E21079ACB634}.Debug|Any CPU.Build.0 = Debug|Any CPU
		{44347663-6246-401D-A440-E21079ACB634}.Release|Any CPU.ActiveCfg = Release|Any CPU
		{44347663-6246-401D-A440-E21079ACB634}.Release|Any CPU.Build.0 = Release|Any CPU
		{992984FB-CCBB-41DD-9FFE-812B1D51F9E5}.Debug|Any CPU.ActiveCfg = Debug|Any CPU
		{992984FB-CCBB-41DD-9FFE-812B1D51F9E5}.Debug|Any CPU.Build.0 = Debug|Any CPU
		{992984FB-CCBB-41DD-9FFE-812B1D51F9E5}.Release|Any CPU.ActiveCfg = Release|Any CPU
		{992984FB-CCBB-41DD-9FFE-812B1D51F9E5}.Release|Any CPU.Build.0 = Release|Any CPU
		{E91C1D1A-5C2B-4ACE-B537-88987CF24778}.Debug|Any CPU.ActiveCfg = Debug|Any CPU
		{E91C1D1A-5C2B-4ACE-B537-88987CF24778}.Debug|Any CPU.Build.0 = Debug|Any CPU
		{E91C1D1A-5C2B-4ACE-B537-88987CF24778}.Release|Any CPU.ActiveCfg = Release|Any CPU
		{E91C1D1A-5C2B-4ACE-B537-88987CF24778}.Release|Any CPU.Build.0 = Release|Any CPU
		{2897AF41-272D-4B6C-90BF-CA2AC4CFC122}.Debug|Any CPU.ActiveCfg = Debug|Any CPU
		{2897AF41-272D-4B6C-90BF-CA2AC4CFC122}.Debug|Any CPU.Build.0 = Debug|Any CPU
		{2897AF41-272D-4B6C-90BF-CA2AC4CFC122}.Release|Any CPU.ActiveCfg = Release|Any CPU
		{2897AF41-272D-4B6C-90BF-CA2AC4CFC122}.Release|Any CPU.Build.0 = Release|Any CPU
		{D736F1A4-73C4-4134-A3B9-0B692762FE55}.Debug|Any CPU.ActiveCfg = Debug|Any CPU
		{D736F1A4-73C4-4134-A3B9-0B692762FE55}.Debug|Any CPU.Build.0 = Debug|Any CPU
		{D736F1A4-73C4-4134-A3B9-0B692762FE55}.Release|Any CPU.ActiveCfg = Release|Any CPU
		{D736F1A4-73C4-4134-A3B9-0B692762FE55}.Release|Any CPU.Build.0 = Release|Any CPU
		{B8FACC19-F856-4E95-AA90-1C42E76A1F0D}.Debug|Any CPU.ActiveCfg = Debug|Any CPU
		{B8FACC19-F856-4E95-AA90-1C42E76A1F0D}.Debug|Any CPU.Build.0 = Debug|Any CPU
		{B8FACC19-F856-4E95-AA90-1C42E76A1F0D}.Release|Any CPU.ActiveCfg = Release|Any CPU
		{B8FACC19-F856-4E95-AA90-1C42E76A1F0D}.Release|Any CPU.Build.0 = Release|Any CPU
		{6652B05E-91B6-4AF0-A744-AE98E3A8FD5E}.Debug|Any CPU.ActiveCfg = Debug|Any CPU
		{6652B05E-91B6-4AF0-A744-AE98E3A8FD5E}.Debug|Any CPU.Build.0 = Debug|Any CPU
		{6652B05E-91B6-4AF0-A744-AE98E3A8FD5E}.Release|Any CPU.ActiveCfg = Release|Any CPU
		{6652B05E-91B6-4AF0-A744-AE98E3A8FD5E}.Release|Any CPU.Build.0 = Release|Any CPU
		{25E9455D-CC4F-4FD6-8632-7118B003EA4D}.Debug|Any CPU.ActiveCfg = Debug|Any CPU
		{25E9455D-CC4F-4FD6-8632-7118B003EA4D}.Debug|Any CPU.Build.0 = Debug|Any CPU
		{25E9455D-CC4F-4FD6-8632-7118B003EA4D}.Release|Any CPU.ActiveCfg = Release|Any CPU
		{25E9455D-CC4F-4FD6-8632-7118B003EA4D}.Release|Any CPU.Build.0 = Release|Any CPU
		{CC36BB7E-6804-4122-9509-E048EE1DE753}.Debug|Any CPU.ActiveCfg = Debug|Any CPU
		{CC36BB7E-6804-4122-9509-E048EE1DE753}.Debug|Any CPU.Build.0 = Debug|Any CPU
		{CC36BB7E-6804-4122-9509-E048EE1DE753}.Release|Any CPU.ActiveCfg = Release|Any CPU
		{CC36BB7E-6804-4122-9509-E048EE1DE753}.Release|Any CPU.Build.0 = Release|Any CPU
		{B896B8CF-EBCC-4749-AC93-66994F89662C}.Debug|Any CPU.ActiveCfg = Debug|Any CPU
		{B896B8CF-EBCC-4749-AC93-66994F89662C}.Debug|Any CPU.Build.0 = Debug|Any CPU
		{B896B8CF-EBCC-4749-AC93-66994F89662C}.Release|Any CPU.ActiveCfg = Release|Any CPU
		{B896B8CF-EBCC-4749-AC93-66994F89662C}.Release|Any CPU.Build.0 = Release|Any CPU
	EndGlobalSection
	GlobalSection(SolutionProperties) = preSolution
		HideSolutionNode = FALSE
	EndGlobalSection
	GlobalSection(ExtensibilityGlobals) = postSolution
		SolutionGuid = {DE911209-32D5-43A1-9162-787A1CE34629}
	EndGlobalSection
	GlobalSection(NestedProjects) = preSolution
		{B010DEFD-29AA-4D5C-BB0A-2AF255AC413C} = {5858C5D3-E24A-4440-A5CB-993AACFCC3D4}
		{1EE1692A-9BB5-447D-B223-DB0C101AA5CC} = {BFFB38FA-F768-499C-90FC-5D1707CFA0FC}
		{46037923-6374-4837-8FB6-2C41928E7C3F} = {BFFB38FA-F768-499C-90FC-5D1707CFA0FC}
		{ECBA8AE1-CAC4-43DB-A8A8-22E8BEA9EE2F} = {5858C5D3-E24A-4440-A5CB-993AACFCC3D4}
		{084BEC77-6DCB-495B-AF41-5C864ED724F9} = {7F3D59AF-A3FB-45A4-91A3-73E5DC238127}
		{BCB5572A-7879-4666-BBF8-1326503DBCCD} = {7F3D59AF-A3FB-45A4-91A3-73E5DC238127}
		{DDB2AB42-2495-4E06-BFBC-26A06F5DBDA7} = {D1A7D3CD-7971-497A-8973-2612CD7AC3EF}
		{417E9D40-53C9-44FE-A69D-D1F8EAB6CFF7} = {D1A7D3CD-7971-497A-8973-2612CD7AC3EF}
		{3D37A819-D8A1-4D4B-96BC-B659D46DC0B9} = {7977F714-90F0-470C-A4C1-C93C3BC02E77}
		{D1019F6F-BFD9-4CF7-87E8-25A7E0A9FA7D} = {7977F714-90F0-470C-A4C1-C93C3BC02E77}
		{8C1DFCA8-14DA-4DC5-94EA-D95312EF62E0} = {74290F7C-9A7B-49D5-AF14-4ED76ABB0B3B}
		{781D6092-13BA-4013-AD71-8AE803AA2290} = {74290F7C-9A7B-49D5-AF14-4ED76ABB0B3B}
		{F9E2528A-0742-4541-A704-A4AB16507099} = {33B0EF6F-D95B-4386-82C2-9A083E32DABE}
		{F34BF859-68C4-40E6-B3A8-68D78588C201} = {33B0EF6F-D95B-4386-82C2-9A083E32DABE}
		{2429D499-B44C-4E2D-8C09-D6FDDCDE28E5} = {5BD6E04B-2114-45A4-9A67-3E1B1166581D}
		{879BB28B-9D08-4A90-BF26-FB4690FEE770} = {5BD6E04B-2114-45A4-9A67-3E1B1166581D}
		{886D7A34-C033-40B6-B3B8-C79419A4424C} = {DC373254-83CF-46AB-B8B7-55A4295BE8D0}
		{61108E8E-A7A1-4559-B161-BA8E835FE90F} = {DC373254-83CF-46AB-B8B7-55A4295BE8D0}
	EndGlobalSection
EndGlobal
